
Microsoft Visual Studio Solution File, Format Version 12.00
# Visual Studio Version 17
VisualStudioVersion = 17.7.34024.191
MinimumVisualStudioVersion = 10.0.40219.1
Project("{9A19103F-16F7-4668-BE54-9A1E7A4F7556}") = "Conf2023", "Conf2023\Conf2023.csproj", "{370E6AA7-6011-4244-BC44-A9C3F6D78751}"
EndProject
Global
	GlobalSection(SolutionConfigurationPlatforms) = preSolution
		Debug|Any CPU = Debug|Any CPU
		Release|Any CPU = Release|Any CPU
	EndGlobalSection
	GlobalSection(ProjectConfigurationPlatforms) = postSolution
		{370E6AA7-6011-4244-BC44-A9C3F6D78751}.Debug|Any CPU.ActiveCfg = Debug|Any CPU
		{370E6AA7-6011-4244-BC44-A9C3F6D78751}.Debug|Any CPU.Build.0 = Debug|Any CPU
		{370E6AA7-6011-4244-BC44-A9C3F6D78751}.Release|Any CPU.ActiveCfg = Release|Any CPU
		{370E6AA7-6011-4244-BC44-A9C3F6D78751}.Release|Any CPU.Build.0 = Release|Any CPU
	EndGlobalSection
	GlobalSection(SolutionProperties) = preSolution
		HideSolutionNode = FALSE
	EndGlobalSection
	GlobalSection(ExtensibilityGlobals) = postSolution
		SolutionGuid = {0F79B002-4CDA-4E21-92C7-8C461635A1CE}
	EndGlobalSection
EndGlobal
